
Microsoft Visual Studio Solution File, Format Version 12.00
# Visual Studio Version 17
VisualStudioVersion = 17.14.36127.28 d17.14
MinimumVisualStudioVersion = 10.0.40219.1
Project("{FAE04EC0-301F-11D3-BF4B-00C04F79EFBC}") = "apagouaqui_app", "apagouaqui_app\apagouaqui_app.csproj", "{1AA14295-CD49-4209-AEE4-B6F162EBFABE}"
EndProject
Global
	GlobalSection(SolutionConfigurationPlatforms) = preSolution
		Debug|Any CPU = Debug|Any CPU
		Release|Any CPU = Release|Any CPU
	EndGlobalSection
	GlobalSection(ProjectConfigurationPlatforms) = postSolution
		{1AA14295-CD49-4209-AEE4-B6F162EBFABE}.Debug|Any CPU.ActiveCfg = Debug|Any CPU
		{1AA14295-CD49-4209-AEE4-B6F162EBFABE}.Debug|Any CPU.Build.0 = Debug|Any CPU
		{1AA14295-CD49-4209-AEE4-B6F162EBFABE}.Release|Any CPU.ActiveCfg = Release|Any CPU
		{1AA14295-CD49-4209-AEE4-B6F162EBFABE}.Release|Any CPU.Build.0 = Release|Any CPU
	EndGlobalSection
	GlobalSection(SolutionProperties) = preSolution
		HideSolutionNode = FALSE
	EndGlobalSection
	GlobalSection(ExtensibilityGlobals) = postSolution
		SolutionGuid = {3A70893C-2F07-4141-92C8-AFBAC4719740}
	EndGlobalSection
EndGlobal
